
Microsoft Visual Studio Solution File, Format Version 12.00
# Visual Studio Version 16
VisualStudioVersion = 16.0.31205.134
MinimumVisualStudioVersion = 10.0.40219.1
Project("{8BC9CEB8-8B4A-11D0-8D11-00A0C91BC942}") = "LAB_04", "LAB_04\LAB_04.vcxproj", "{D1902DC6-1638-471C-9329-A07B87427A6C}"
EndProject
Global
	GlobalSection(SolutionConfigurationPlatforms) = preSolution
		Debug|x64 = Debug|x64
		Debug|x86 = Debug|x86
		Release|x64 = Release|x64
		Release|x86 = Release|x86
	EndGlobalSection
	GlobalSection(ProjectConfigurationPlatforms) = postSolution
		{D1902DC6-1638-471C-9329-A07B87427A6C}.Debug|x64.ActiveCfg = Debug|x64
		{D1902DC6-1638-471C-9329-A07B87427A6C}.Debug|x64.Build.0 = Debug|x64
		{D1902DC6-1638-471C-9329-A07B87427A6C}.Debug|x86.ActiveCfg = Debug|Win32
		{D1902DC6-1638-471C-9329-A07B87427A6C}.Debug|x86.Build.0 = Debug|Win32
		{D1902DC6-1638-471C-9329-A07B87427A6C}.Release|x64.ActiveCfg = Release|x64
		{D1902DC6-1638-471C-9329-A07B87427A6C}.Release|x64.Build.0 = Release|x64
		{D1902DC6-1638-471C-9329-A07B87427A6C}.Release|x86.ActiveCfg = Release|Win32
		{D1902DC6-1638-471C-9329-A07B87427A6C}.Release|x86.Build.0 = Release|Win32
	EndGlobalSection
	GlobalSection(SolutionProperties) = preSolution
		HideSolutionNode = FALSE
	EndGlobalSection
	GlobalSection(ExtensibilityGlobals) = postSolution
		SolutionGuid = {522E97FB-7D76-4031-A5E3-7FD8F192F311}
	EndGlobalSection
EndGlobal
